version: computer-vision-model-lock-v1
models:
  grounding-dino:
    revision: a2bb814dd30d776dcf7e30523b00659f4f141c71
    deployment: container
    container_digest: sha256:b025b417725b1782485c36c96991c67befd7a004904450a50e74d039070073c9
    license: apache-2.0
    cache_bytes: 689359096
    package_pins:
      torch: 2.6.0
      torchvision: 0.21.0
      transformers: 4.46.3
  vision-planner:
    revision: c170c708c41dac9275d15a8fff4eca08d52bab71
    deployment: host
    environment_digest: 2e85c3774cb99426024dad112f17d263bac1831ba859053eff17014fa74d6ca4
    license: apache-2.0
    cache_bytes: 14496078512
    package_pins:
      torch: 2.11.0
      transformers: 5.14.1
      vllm: 0.26.0
  yolox-s:
    revision: 419778480ab6ec0590e5d3831b3afb3b46ab2aa3
    deployment: container
    container_digest: sha256:c571871e4e16d9aa7be88ea44faaaef2b24fc6afc340d02cec56436114acb9b0
    license: apache-2.0
    cache_bytes: 72089125
    package_pins:
      torch: 2.6.0
      torchvision: 0.21.0
      yolox: 0.3.0
